github.com/asaskevich/govalidator v0.0.0-20210307081110-f21760c49a8d h1:Byv0BzEl3/e6D5CLfI0j/7hiIEtvGVFPCZ7Ei2oq8iQ=
github.com/asaskevich/govalidator v0.0.0-20210307081110-f21760c49a8d/go.mod h1:WaHUgvxTVq04UNunO+XhnAqY/wQc+bxr74GqbsZ/Jqw=
github.com/aymerick/douceur v0.2.0 h1:Mv+mAeH1Q+n9Fr+oyamOlAkUNPWPlA8PPGR0QAaYuPk=
github.com/aymerick/douceur v0.2.0/go.mod h1:wlT5vV2O3h55X9m7iVYN0TBM0NH/MmbLnd30/FjWUq4=
github.com/davecgh/go-spew v1.1.1 h1:vj9j/u1bqnvCEfJOwUhtlOARqs3+rkHYY13jYWTU97c=
github.com/davecgh/go-spew v1.1.1/go.mod h1:J7Y8YcW2NihsgmVo/mv3lAwl/skON4iLHjSsI+c5H38=
github.com/gorilla/css v1.0.0 h1:BQqNyPTi50JCFMTw/b67hByjMVXZRwGha6wxVGkeihY=
github.com/gorilla/css v1.0.0/go.mod h1:Dn721qIggHpt4+EFCcTLTU/vk5ySda2ReITrtgBl60c=
github.com/microcosm-cc/bluemonday v1.0.24 h1:NGQoPtwGVcbGkKfvyYk1yRqknzBuoMiUrO6R7uFTPlw=
github.com/microcosm-cc/bluemonday v1.0.24/go.mod h1:ArQySAMps0790cHSkdPEJ7bGkF2VePWH773hsJNSHf8=
github.com/miekg/dns v1.1.55 h1:GoQ4hpsj0nFLYe+bWiCToyrBEJXkQfOOIvFGFy0lEgo=
github.com/miekg/dns v1.1.55/go.mod h1:uInx36IzPl7FYnDcMeVWxj9byh7DutNykX4G9Sj60FY=
github.com/pkg/errors v0.9.1 h1:FEBLx1zS214owpjy7qsBeixbURkuhQAwrK5UwLGTwt4=
github.com/pkg/errors v0.9.1/go.mod h1:bwawxfHBFNV+L2hUp1rHADufV3IMtnDRdf1r5NINEl0=
github.com/pmezard/go-difflib v1.0.0 h1:4DBwDE0NGyQoBHbLQYPwSUPoCMWR5BEzIk/f1lZbAQM=
github.com/pmezard/go-difflib v1.0.0/go.mod h1:iKH77koFhYxTK1pcRnkKkqfTogsbg7gZNVY4sRDYZ/4=
github.com/projectdiscovery/blackrock v0.0.1 h1:lHQqhaaEFjgf5WkuItbpeCZv2DUIE45k0VbGJyft6LQ=
github.com/projectdiscovery/blackrock v0.0.1/go.mod h1:ANUtjDfaVrqB453bzToU+YB4cUbvBRpLvEwoWIwlTss=
github.com/projectdiscovery/utils v0.0.44 h1:F/LNgBw53RNM/3mRZ1ji+prM1yDnehDRBf13TPk3WBM=
github.com/projectdiscovery/utils v0.0.44/go.mod h1:HtUI1pyNCgQUuwZuxDILQ4NSUaFcfBh0TuCK/ZQTS6Q=
github.com/saintfish/chardet v0.0.0-20120816061221-3af4cd4741ca h1:NugYot0LIVPxTvN8n+Kvkn6TrbMyxQiuvKdEwFdR9vI=
github.com/saintfish/chardet v0.0.0-20120816061221-3af4cd4741ca/go.mod h1:uugorj2VCxiV1x+LzaIdVa9b4S4qGAcH6cbhh4qVxOU=
github.com/stretchr/testify v1.8.4 h1:CcVxjf3Q8PM0mHUKJCdn+eZZtm5yQwehR5yeSVQQcUk=
github.com/stretchr/testify v1.8.4/go.mod h1:sz/lmYIOXD/1dqDmKjjqLyZ2RngseejIcXlSw2iwfAo=
go.uber.org/multierr v1.11.0 h1:blXXJkSxSSfBVBlC76pxqeO+LN3aDfLQo+309xJstO0=
go.uber.org/multierr v1.11.0/go.mod h1:20+QtiLqy0Nd6FdQB9TLXag12DsQkrbs3htMFfDN80Y=
golang.org/x/mod v0.8.0 h1:LUYupSeNrTNCGzR/hVBk2NHZO4hXcVaW1k4Qx7rjPx8=
golang.org/x/mod v0.8.0/go.mod h1:iBbtSCu2XBx23ZKBPSOrRkjjQPZFPuis4dIYUhu/chs=
golang.org/x/net v0.12.0 h1:cfawfvKITfUsFCeJIHJrbSxpeu/E81khclypR0GVT50=
golang.org/x/net v0.12.0/go.mod h1:zEVYFnQC7m/vmpQFELhcD1EWkZlX69l4oqgmer6hfKA=
golang.org/x/sync v0.1.0 h1:wsuoTGHzEhffawBOhz5CYhcrV4IdKZbEyZjBMuTp12o=
golang.org/x/sys v0.10.0 h1:SqMFp9UcQJZa+pmYuAKjd9xq1f0j5rLcDIk0mj4qAsA=
golang.org/x/sys v0.10.0/go.mod h1:oPkhp1MJrh7nUepCBck5+mAzfO9JrbApNNgaTdGDITg=
golang.org/x/tools v0.6.0 h1:BOw41kyTf3PuCW1pVQf8+Cyg8pMlkYB1oo9iJ6D/lKM=
golang.org/x/tools v0.6.0/go.mod h1:Xwgl3UAJ/d3gWutnCtw505GrjyAbvKui8lOU390QaIU=
gopkg.in/check.v1 v0.0.0-20161208181325-20d25e280405 h1:yhCVgyC4o1eVCa2tZl7eS0r+SDo693bJlVdllGtEeKM=
gopkg.in/check.v1 v0.0.0-20161208181325-20d25e280405/go.mod h1:Co6ibVJAznAaIkqp8huTwlJQCZ016jof/cbN4VW5Yz0=
gopkg.in/yaml.v3 v3.0.1 h1:fxVm/GzAzEWqLHuvctI91KS9hhNmmWOoWu0XTYJS7CA=
gopkg.in/yaml.v3 v3.0.1/go.mod h1:K4uyk7z7BCEPqu6E+C64Yfv1cQ7kz7rIZviUmN+EgEM=
